
Microsoft Visual Studio Solution File, Format Version 12.00
# Visual Studio 2012
Project("{FAE04EC0-301F-11D3-BF4B-00C04F79EFBC}") = "AlternityHelper", "NPCTracker\AlternityHelper.csproj", "{C2D9C1A4-87D4-4CF4-AC33-A9F73BF6F57F}"
EndProject
Project("{FAE04EC0-301F-11D3-BF4B-00C04F79EFBC}") = "PythagoreanDistance", "PythogoreanDistance\PythagoreanDistance.csproj", "{10CE3938-62D6-4AAD-855D-1FD211C791BE}"
EndProject
Project("{6141683F-8A12-4E36-9623-2EB02B2C2303}") = "Setup", "Setup\Setup.isproj", "{F328A651-2FC9-4A0F-8EE7-3D9AF4AEC7CC}"
	ProjectSection(ProjectDependencies) = postProject
		{C2D9C1A4-87D4-4CF4-AC33-A9F73BF6F57F} = {C2D9C1A4-87D4-4CF4-AC33-A9F73BF6F57F}
	EndProjectSection
EndProject
Global
	GlobalSection(SolutionConfigurationPlatforms) = preSolution
		CD_ROM|Any CPU = CD_ROM|Any CPU
		Debug|Any CPU = Debug|Any CPU
		DVD-5|Any CPU = DVD-5|Any CPU
		Release|Any CPU = Release|Any CPU
		SingleImage|Any CPU = SingleImage|Any CPU
	EndGlobalSection
	GlobalSection(ProjectConfigurationPlatforms) = postSolution
		{C2D9C1A4-87D4-4CF4-AC33-A9F73BF6F57F}.CD_ROM|Any CPU.ActiveCfg = Release|Any CPU
		{C2D9C1A4-87D4-4CF4-AC33-A9F73BF6F57F}.CD_ROM|Any CPU.Build.0 = Release|Any CPU
		{C2D9C1A4-87D4-4CF4-AC33-A9F73BF6F57F}.Debug|Any CPU.ActiveCfg = Debug|Any CPU
		{C2D9C1A4-87D4-4CF4-AC33-A9F73BF6F57F}.Debug|Any CPU.Build.0 = Debug|Any CPU
		{C2D9C1A4-87D4-4CF4-AC33-A9F73BF6F57F}.DVD-5|Any CPU.ActiveCfg = Debug|Any CPU
		{C2D9C1A4-87D4-4CF4-AC33-A9F73BF6F57F}.DVD-5|Any CPU.Build.0 = Debug|Any CPU
		{C2D9C1A4-87D4-4CF4-AC33-A9F73BF6F57F}.Release|Any CPU.ActiveCfg = Release|Any CPU
		{C2D9C1A4-87D4-4CF4-AC33-A9F73BF6F57F}.Release|Any CPU.Build.0 = Release|Any CPU
		{C2D9C1A4-87D4-4CF4-AC33-A9F73BF6F57F}.SingleImage|Any CPU.ActiveCfg = Release|Any CPU
		{C2D9C1A4-87D4-4CF4-AC33-A9F73BF6F57F}.SingleImage|Any CPU.Build.0 = Release|Any CPU
		{10CE3938-62D6-4AAD-855D-1FD211C791BE}.CD_ROM|Any CPU.ActiveCfg = Release|Any CPU
		{10CE3938-62D6-4AAD-855D-1FD211C791BE}.CD_ROM|Any CPU.Build.0 = Release|Any CPU
		{10CE3938-62D6-4AAD-855D-1FD211C791BE}.Debug|Any CPU.ActiveCfg = Debug|Any CPU
		{10CE3938-62D6-4AAD-855D-1FD211C791BE}.Debug|Any CPU.Build.0 = Debug|Any CPU
		{10CE3938-62D6-4AAD-855D-1FD211C791BE}.DVD-5|Any CPU.ActiveCfg = Debug|Any CPU
		{10CE3938-62D6-4AAD-855D-1FD211C791BE}.DVD-5|Any CPU.Build.0 = Debug|Any CPU
		{10CE3938-62D6-4AAD-855D-1FD211C791BE}.Release|Any CPU.ActiveCfg = Release|Any CPU
		{10CE3938-62D6-4AAD-855D-1FD211C791BE}.Release|Any CPU.Build.0 = Release|Any CPU
		{10CE3938-62D6-4AAD-855D-1FD211C791BE}.SingleImage|Any CPU.ActiveCfg = Release|Any CPU
		{10CE3938-62D6-4AAD-855D-1FD211C791BE}.SingleImage|Any CPU.Build.0 = Release|Any CPU
		{F328A651-2FC9-4A0F-8EE7-3D9AF4AEC7CC}.CD_ROM|Any CPU.ActiveCfg = CD_ROM
		{F328A651-2FC9-4A0F-8EE7-3D9AF4AEC7CC}.CD_ROM|Any CPU.Build.0 = CD_ROM
		{F328A651-2FC9-4A0F-8EE7-3D9AF4AEC7CC}.Debug|Any CPU.ActiveCfg = DVD-5
		{F328A651-2FC9-4A0F-8EE7-3D9AF4AEC7CC}.Debug|Any CPU.Build.0 = DVD-5
		{F328A651-2FC9-4A0F-8EE7-3D9AF4AEC7CC}.DVD-5|Any CPU.ActiveCfg = DVD-5
		{F328A651-2FC9-4A0F-8EE7-3D9AF4AEC7CC}.DVD-5|Any CPU.Build.0 = DVD-5
		{F328A651-2FC9-4A0F-8EE7-3D9AF4AEC7CC}.Release|Any CPU.ActiveCfg = SingleImage
		{F328A651-2FC9-4A0F-8EE7-3D9AF4AEC7CC}.Release|Any CPU.Build.0 = SingleImage
		{F328A651-2FC9-4A0F-8EE7-3D9AF4AEC7CC}.SingleImage|Any CPU.ActiveCfg = SingleImage
		{F328A651-2FC9-4A0F-8EE7-3D9AF4AEC7CC}.SingleImage|Any CPU.Build.0 = SingleImage
	EndGlobalSection
	GlobalSection(SolutionProperties) = preSolution
		HideSolutionNode = FALSE
	EndGlobalSection
EndGlobal
